
Microsoft Visual Studio Solution File, Format Version 12.00
# Visual Studio 14
VisualStudioVersion = 14.0.25420.1
MinimumVisualStudioVersion = 10.0.40219.1
Project("{FAE04EC0-301F-11D3-BF4B-00C04F79EFBC}") = "AbstractionLayer", "AbstractionLayer\AbstractionLayer\AbstractionLayer.csproj", "{491B235A-1D56-4732-B491-338A3DD2246D}"
EndProject
Project("{FAE04EC0-301F-11D3-BF4B-00C04F79EFBC}") = "DVDProfilerHelper", "DVDProfilerHelper\DVDProfilerHelper\DVDProfilerHelper.csproj", "{461DACCA-8EBF-4C03-AD1A-C438E4EB3B36}"
EndProject
Project("{FAE04EC0-301F-11D3-BF4B-00C04F79EFBC}") = "ToolBox", "ToolBox\ToolBox\ToolBox.csproj", "{4782E10E-B5CC-4C2D-9D7F-D132CB5A50A0}"
EndProject
Project("{FAE04EC0-301F-11D3-BF4B-00C04F79EFBC}") = "DvdNavigatorCrm", "AddingTime\DvdNavigatorCrm\DvdNavigatorCrm.csproj", "{17CEC523-AA01-4410-8BFA-4CAB1C97DD69}"
EndProject
Project("{FAE04EC0-301F-11D3-BF4B-00C04F79EFBC}") = "DiscScanner", "AddingTime\DiscScanner\DiscScanner.csproj", "{933740B3-AFAB-402D-9DE1-C336E126E6D8}"
EndProject
Project("{FAE04EC0-301F-11D3-BF4B-00C04F79EFBC}") = "BDInfoLib", "AddingTime\BDInfo\BDInfoLib.csproj", "{CF10DEBE-9A1B-4CD6-B566-E6013C1E6CB9}"
EndProject
Project("{FAE04EC0-301F-11D3-BF4B-00C04F79EFBC}") = "AddingTimeLib", "AddingTime\AddingTimeLib\AddingTimeLib.csproj", "{2FF1451A-D1C9-45B8-9F61-694D02C13A22}"
EndProject
Project("{FAE04EC0-301F-11D3-BF4B-00C04F79EFBC}") = "AddingTime", "AddingTime\AddingTime\AddingTime.csproj", "{46863891-CA1D-4073-B9D5-0591B2EEA7AD}"
EndProject
Project("{2150E333-8FDC-42A3-9474-1A3956D46DE8}") = "Setup", "Setup", "{64888AC7-2969-4BA3-8250-4A884A36B3AA}"
	ProjectSection(SolutionItems) = preProject
		AddingTime\AddingTimeSetup\Setup.iss = AddingTime\AddingTimeSetup\Setup.iss
	EndProjectSection
EndProject
Project("{2150E333-8FDC-42A3-9474-1A3956D46DE8}") = "_Libraries", "_Libraries", "{0471A0FF-BCC0-4927-8896-6C7429C435A8}"
EndProject
Global
	GlobalSection(SolutionConfigurationPlatforms) = preSolution
		Debug|x86 = Debug|x86
		FAKE|x86 = FAKE|x86
	EndGlobalSection
	GlobalSection(ProjectConfigurationPlatforms) = postSolution
		{491B235A-1D56-4732-B491-338A3DD2246D}.Debug|x86.ActiveCfg = Debug|x86
		{491B235A-1D56-4732-B491-338A3DD2246D}.Debug|x86.Build.0 = Debug|x86
		{491B235A-1D56-4732-B491-338A3DD2246D}.FAKE|x86.ActiveCfg = Release|x86
		{491B235A-1D56-4732-B491-338A3DD2246D}.FAKE|x86.Build.0 = Release|x86
		{461DACCA-8EBF-4C03-AD1A-C438E4EB3B36}.Debug|x86.ActiveCfg = Debug|x86
		{461DACCA-8EBF-4C03-AD1A-C438E4EB3B36}.Debug|x86.Build.0 = Debug|x86
		{461DACCA-8EBF-4C03-AD1A-C438E4EB3B36}.FAKE|x86.ActiveCfg = Debug|x86
		{461DACCA-8EBF-4C03-AD1A-C438E4EB3B36}.FAKE|x86.Build.0 = Debug|x86
		{4782E10E-B5CC-4C2D-9D7F-D132CB5A50A0}.Debug|x86.ActiveCfg = Debug|x86
		{4782E10E-B5CC-4C2D-9D7F-D132CB5A50A0}.Debug|x86.Build.0 = Debug|x86
		{4782E10E-B5CC-4C2D-9D7F-D132CB5A50A0}.FAKE|x86.ActiveCfg = Release|x86
		{4782E10E-B5CC-4C2D-9D7F-D132CB5A50A0}.FAKE|x86.Build.0 = Release|x86
		{17CEC523-AA01-4410-8BFA-4CAB1C97DD69}.Debug|x86.ActiveCfg = Debug|x86
		{17CEC523-AA01-4410-8BFA-4CAB1C97DD69}.Debug|x86.Build.0 = Debug|x86
		{17CEC523-AA01-4410-8BFA-4CAB1C97DD69}.FAKE|x86.ActiveCfg = Release|x86
		{17CEC523-AA01-4410-8BFA-4CAB1C97DD69}.FAKE|x86.Build.0 = Release|x86
		{933740B3-AFAB-402D-9DE1-C336E126E6D8}.Debug|x86.ActiveCfg = Debug|x86
		{933740B3-AFAB-402D-9DE1-C336E126E6D8}.Debug|x86.Build.0 = Debug|x86
		{933740B3-AFAB-402D-9DE1-C336E126E6D8}.FAKE|x86.ActiveCfg = FAKE|x86
		{933740B3-AFAB-402D-9DE1-C336E126E6D8}.FAKE|x86.Build.0 = FAKE|x86
		{CF10DEBE-9A1B-4CD6-B566-E6013C1E6CB9}.Debug|x86.ActiveCfg = Debug|x86
		{CF10DEBE-9A1B-4CD6-B566-E6013C1E6CB9}.Debug|x86.Build.0 = Debug|x86
		{CF10DEBE-9A1B-4CD6-B566-E6013C1E6CB9}.FAKE|x86.ActiveCfg = Release|x86
		{CF10DEBE-9A1B-4CD6-B566-E6013C1E6CB9}.FAKE|x86.Build.0 = Release|x86
		{2FF1451A-D1C9-45B8-9F61-694D02C13A22}.Debug|x86.ActiveCfg = Debug|x86
		{2FF1451A-D1C9-45B8-9F61-694D02C13A22}.Debug|x86.Build.0 = Debug|x86
		{2FF1451A-D1C9-45B8-9F61-694D02C13A22}.FAKE|x86.ActiveCfg = FAKE|x86
		{2FF1451A-D1C9-45B8-9F61-694D02C13A22}.FAKE|x86.Build.0 = FAKE|x86
		{46863891-CA1D-4073-B9D5-0591B2EEA7AD}.Debug|x86.ActiveCfg = Debug|x86
		{46863891-CA1D-4073-B9D5-0591B2EEA7AD}.Debug|x86.Build.0 = Debug|x86
		{46863891-CA1D-4073-B9D5-0591B2EEA7AD}.FAKE|x86.ActiveCfg = FAKE|x86
		{46863891-CA1D-4073-B9D5-0591B2EEA7AD}.FAKE|x86.Build.0 = FAKE|x86
	EndGlobalSection
	GlobalSection(SolutionProperties) = preSolution
		HideSolutionNode = FALSE
	EndGlobalSection
	GlobalSection(NestedProjects) = preSolution
		{491B235A-1D56-4732-B491-338A3DD2246D} = {0471A0FF-BCC0-4927-8896-6C7429C435A8}
		{461DACCA-8EBF-4C03-AD1A-C438E4EB3B36} = {0471A0FF-BCC0-4927-8896-6C7429C435A8}
		{4782E10E-B5CC-4C2D-9D7F-D132CB5A50A0} = {0471A0FF-BCC0-4927-8896-6C7429C435A8}
	EndGlobalSection
EndGlobal
